# THIS IS AN AUTOGENERATED FILE. DO NOT EDIT THIS FILE DIRECTLY.
# yarn lockfile v1


"@fluentui/date-time-utilities@^7.9.0":
  version "7.9.0"
  resolved "https://registry.yarnpkg.com/@fluentui/date-time-utilities/-/date-time-utilities-7.9.0.tgz#4c8570b3af8bc654963ecb034d0fd100010e7d6d"
  integrity sha512-D8p5WWeonqRO1EgIvo7WSlX1rcm87r2VQd62zTJPQImx8rpwc77CRI+iAvfxyVHRZMdt4Qk6Jq99dUaudPWaZw==
  dependencies:
    "@uifabric/set-version" "^7.0.23"
    tslib "^1.10.0"

"@fluentui/dom-utilities@^1.1.1":
  version "1.1.1"
  resolved "https://registry.yarnpkg.com/@fluentui/dom-utilities/-/dom-utilities-1.1.1.tgz#b0bbab665fe726f245800bb9e7883b1ceb54248b"
  integrity sha512-w40gi8fzCpwa7U8cONiuu8rszPStkVOL/weDf5pCbYEb1gdaV7MDPSNkgM6IV0Kz+k017noDgK9Fv4ru1Dwz1g==
  dependencies:
    "@uifabric/set-version" "^7.0.23"
    tslib "^1.10.0"

"@fluentui/dom-utilities@^2.1.4":
  version "2.1.4"
  resolved "https://registry.npmjs.org/@fluentui/dom-utilities/-/dom-utilities-2.1.4.tgz#a8eeaf906cc19f547ae40c662d2776cb2540ea11"
  integrity sha512-+gsAnEjgoKB37o+tsMdSLtgqZ9z2PzpvnHx/2IqhRWjQQd7Xc7MbQsbZaQ5qfkioFHLnWGc/+WORpqKPy/sWrg==
  dependencies:
    "@fluentui/set-version" "^8.1.4"
    tslib "^2.1.0"

"@fluentui/keyboard-key@^0.2.12":
  version "0.2.13"
  resolved "https://registry.yarnpkg.com/@fluentui/keyboard-key/-/keyboard-key-0.2.13.tgz#e980b0192f6493a23a3534ff08e2b2db6c560611"
  integrity sha512-HLZNtkETFUuCP76Wk/oF54+tVp6aPGzsoJRsmnkh78gloC9CGp8JK+LQUYfj9dtzcHDHq64/dAA2e4j2tzjhaQ==
  dependencies:
    tslib "^1.10.0"

"@fluentui/merge-styles@^8.2.0":
  version "8.2.0"
  resolved "https://registry.npmjs.org/@fluentui/merge-styles/-/merge-styles-8.2.0.tgz#987721998bdb4d3caee27c120e509393330252ff"
  integrity sha512-ri8KbX8UbghpHNWdw9K1zfIAwhss5z8W142OxlQ0TPU2OzlQ6iY+7t4OzuVv+qzcizVC7iXWe7jbnFlK5dCe2A==
  dependencies:
    "@fluentui/set-version" "^8.1.4"
    tslib "^2.1.0"

"@fluentui/react-focus@^7.17.4":
  version "7.17.4"
  resolved "https://registry.yarnpkg.com/@fluentui/react-focus/-/react-focus-7.17.4.tgz#8e0773be88b908e44ed3a633ce04ba9cc52b4af4"
  integrity sha512-L7MK538JOSpLQubyVxYZV1ftd3hViBQhcFftuJfah/mdekQkIcFTS0fsymQ4MK5i7bn13jE7lPM8QfH23wpaJg==
  dependencies:
    "@fluentui/keyboard-key" "^0.2.12"
    "@uifabric/merge-styles" "^7.19.1"
    "@uifabric/set-version" "^7.0.23"
    "@uifabric/styling" "^7.18.0"
    "@uifabric/utilities" "^7.33.4"
    tslib "^1.10.0"

"@fluentui/react-hooks@^8.3.3":
  version "8.3.3"
  resolved "https://registry.npmjs.org/@fluentui/react-hooks/-/react-hooks-8.3.3.tgz#c5c4ca12c7757eeacebe5c6cac29bd3ff2d4792f"
  integrity sha512-g5goT9mo4D+ssY4wimJByQnKnixgRtCVPbmQ+kR6QY9x0J2ZDXvlpkrc87yM38pl/Kr5xSu0QRDRSvI+oACOlw==
  dependencies:
    "@fluentui/react-window-provider" "^2.1.4"
    "@fluentui/set-version" "^8.1.4"
    "@fluentui/utilities" "^8.3.3"
    tslib "^2.1.0"

"@fluentui/react-window-provider@^1.0.1":
  version "1.0.1"
  resolved "https://registry.yarnpkg.com/@fluentui/react-window-provider/-/react-window-provider-1.0.1.tgz#8ec71db8cfd57e11f00ed42c5c1377ef4dfe5f6b"
  integrity sha512-5hvruDyF0uE8+6YN6Y+d2sEzexBadxUNxUjDcDreTPsmtHPwF5FPBYLhoD7T84L5U4YNvKxKh25tYJm6E0GE2w==
  dependencies:
    "@uifabric/set-version" "^7.0.23"
    tslib "^1.10.0"

"@fluentui/react-window-provider@^2.1.4":
  version "2.1.4"
  resolved "https://registry.npmjs.org/@fluentui/react-window-provider/-/react-window-provider-2.1.4.tgz#2e8368fd85f9e10062c726b060b146ffc1f916b3"
  integrity sha512-RztmJ7ol2eMDr3NCs2OcAA1cQjZdPPUEa4aurgh4Aq+JM/BiY0aK6S4SeFtVD7F8Q7PBOz/xwOG4HlnSMQtlsg==
  dependencies:
    "@fluentui/set-version" "^8.1.4"
    tslib "^2.1.0"

"@fluentui/react@^7.145.0":
  version "7.160.2"
  resolved "https://registry.yarnpkg.com/@fluentui/react/-/react-7.160.2.tgz#e2cea3602a108dfdbb3c7386d41a61cbdcc6581c"
  integrity sha512-f2Jlg74Dsec9SMpSEbiqDFM1oyY7rPC8q09pKQKVtcePcjWOuQcTwvaBZPFdEl3Z+uDH3YJPk56fQZpfcBmj/g==
  dependencies:
    "@uifabric/set-version" "^7.0.23"
    office-ui-fabric-react "^7.160.2"
    tslib "^1.10.0"

"@fluentui/set-version@^8.1.4":
  version "8.1.4"
  resolved "https://registry.npmjs.org/@fluentui/set-version/-/set-version-8.1.4.tgz#89fa88223f421981427dfd5372d46210045354e8"
  integrity sha512-2otMyJ+s+W+hjBD4BKjwYKKinJUDeIKYKz93qKrrJS0i3fKfftNroy9dHFlIblZ7n747L334plLi3bzQO1bnvA==
  dependencies:
    tslib "^2.1.0"

"@fluentui/theme@^1.7.3":
  version "1.7.3"
  resolved "https://registry.yarnpkg.com/@fluentui/theme/-/theme-1.7.3.tgz#cf3b3e0782a6d3c7b0de38b06f4b883c9d981de5"
  integrity sha512-S97i1SBL5ytQtZQpygAIvOnQSg9tFZM25843xCY40eWRA/eAdPixzWvVmV8PPQs/K5WmXhghepWaC1SjxVO90g==
  dependencies:
    "@uifabric/merge-styles" "^7.19.1"
    "@uifabric/set-version" "^7.0.23"
    "@uifabric/utilities" "^7.33.4"
    tslib "^1.10.0"

"@fluentui/utilities@^8.3.3":
  version "8.3.3"
  resolved "https://registry.npmjs.org/@fluentui/utilities/-/utilities-8.3.3.tgz#6dd608ec0f62d5cbd78a428102a40f778ba34ca0"
  integrity sha512-higuyXu/YMkCVKJQcKSrWDdSV/y9fDIrQMulZbTUXpEh5qnQ6L7ZMCo6MbT88mzyinIUqXZdKgii635Q4XAdZQ==
  dependencies:
    "@fluentui/dom-utilities" "^2.1.4"
    "@fluentui/merge-styles" "^8.2.0"
    "@fluentui/set-version" "^8.1.4"
    tslib "^2.1.0"

"@idelic/formatron@^2.0.5":
  version "2.0.5"
  resolved "https://registry.yarnpkg.com/@idelic/formatron/-/formatron-2.0.5.tgz#48eab2188f09503f6f80137edcb34549fce3dd6a"
  integrity sha512-gkWoWZUc971aZ69V9YmvY/7VGbdJ1yRnZVjcPc4U+dnNlOuz5BbRyrPJdOCmDEQZLRFJByQTLm/D0yV+ezulxw==
  dependencies:
    idelic-safety-suite-api "^7.0.1"
    immutable "^4.0.0-rc.12"
    lodash "^4.17.20"
    moment "^2.29.4"

"@microsoft/load-themed-styles@^1.10.26":
  version "1.10.147"
  resolved "https://registry.yarnpkg.com/@microsoft/load-themed-styles/-/load-themed-styles-1.10.147.tgz#20dafb4c681a91b2cc8cdd1e01ef9cf33b6660a7"
  integrity sha512-fqkftQUoc2fjR9F+4uZkCt2hJhgZlkgM33k4qD4UdI75+SDOK9Zp5iU3dWzvwDWWVIXTOE+GKMFlmUtrlKZ+fg==

"@types/prop-types@*":
  version "15.7.3"
  resolved "https://registry.yarnpkg.com/@types/prop-types/-/prop-types-15.7.3.tgz#2ab0d5da2e5815f94b0b9d4b95d1e5f243ab2ca7"
  integrity sha512-KfRL3PuHmqQLOG+2tGpRO26Ctg+Cq1E01D2DMriKEATHgWLfeNDmq9e29Q9WIky0dQ3NPkd1mzYH8Lm936Z9qw==

"@types/react@^16.9.51":
  version "16.14.4"
  resolved "https://registry.yarnpkg.com/@types/react/-/react-16.14.4.tgz#365f6a1e117d1eec960ba792c7e1e91ecad38e6f"
  integrity sha512-ETj7GbkPGjca/A4trkVeGvoIakmLV6ZtX3J8dcmOpzKzWVybbrOxanwaIPG71GZwImoMDY6Fq4wIe34lEqZ0FQ==
  dependencies:
    "@types/prop-types" "*"
    csstype "^3.0.2"

"@uifabric/foundation@^7.9.24":
  version "7.9.24"
  resolved "https://registry.yarnpkg.com/@uifabric/foundation/-/foundation-7.9.24.tgz#a86211d1913d691e05efed9d95cefbe2209079ae"
  integrity sha512-f9W6x6gqczgkayA89TsiGzdze2A8RJXc/GbANYvBad3zeyDlQahepMrlgRMOXcTiwZIiltTje+7ADtvD/o176Q==
  dependencies:
    "@uifabric/merge-styles" "^7.19.1"
    "@uifabric/set-version" "^7.0.23"
    "@uifabric/styling" "^7.18.0"
    "@uifabric/utilities" "^7.33.4"
    tslib "^1.10.0"

"@uifabric/icons@^7.5.21":
  version "7.5.21"
  resolved "https://registry.yarnpkg.com/@uifabric/icons/-/icons-7.5.21.tgz#a665ccd9dede47096f2591395d2e21384136e17c"
  integrity sha512-ZTqLpdCZeCChcMWCgEyWUke2wJxfi3SNdSjNFXWK90SsDWlafg3s/eDd7+n6oRi4pHlF6eBnc4oTLR6PFXt8kQ==
  dependencies:
    "@uifabric/set-version" "^7.0.23"
    "@uifabric/styling" "^7.18.0"
    tslib "^1.10.0"

"@uifabric/merge-styles@^7.19.1":
  version "7.19.1"
  resolved "https://registry.yarnpkg.com/@uifabric/merge-styles/-/merge-styles-7.19.1.tgz#446b3da48ce9925d1649edd0fc232221974b00c9"
  integrity sha512-yqUwmk62Kgu216QNPE9vOfS3h0kiSbTvoqM5QcZi+IzpqsBOlzZx3A9Er9UiDaqHRd5lsYF5pO/jeUULmBWF/A==
  dependencies:
    "@uifabric/set-version" "^7.0.23"
    tslib "^1.10.0"

"@uifabric/react-hooks@^7.13.11":
  version "7.13.11"
  resolved "https://registry.yarnpkg.com/@uifabric/react-hooks/-/react-hooks-7.13.11.tgz#62af56b53248a0a6dfd44208d6e6524902f016e6"
  integrity sha512-9qX4hiZ4MelUxOxx4IPl+vgn9/e43KkYTpYedl2QtUxFpDjsOVJ0jbG3Dkokyl+Kvw1gerYCT1SXL8UC4kG97w==
  dependencies:
    "@fluentui/react-window-provider" "^1.0.1"
    "@uifabric/set-version" "^7.0.23"
    "@uifabric/utilities" "^7.33.4"
    tslib "^1.10.0"

"@uifabric/set-version@^7.0.23":
  version "7.0.23"
  resolved "https://registry.yarnpkg.com/@uifabric/set-version/-/set-version-7.0.23.tgz#bfe10b6ba17a2518704cca856bdba8adbc11ffb0"
  integrity sha512-9E+YKtnH2kyMKnK9XZZsqyM8OCxEJIIfxtaThTlQpYOzrWAGJxQADFbZ7+Usi0U2xHnWNPFROjq+B9ocEzhqMA==
  dependencies:
    tslib "^1.10.0"

"@uifabric/styling@^7.18.0":
  version "7.18.0"
  resolved "https://registry.yarnpkg.com/@uifabric/styling/-/styling-7.18.0.tgz#3f12f2addef285aced24e2ad110c93aeeaf98d6a"
  integrity sha512-PuCSr2PeVDLTtyqOjS67QBgN7rDYf044oRvMEkSCP57p9Du8rIAJio0LQjVNRKo+QlmfgFzmT3XjpS2LYkhFIg==
  dependencies:
    "@fluentui/theme" "^1.7.3"
    "@microsoft/load-themed-styles" "^1.10.26"
    "@uifabric/merge-styles" "^7.19.1"
    "@uifabric/set-version" "^7.0.23"
    "@uifabric/utilities" "^7.33.4"
    tslib "^1.10.0"

"@uifabric/utilities@^7.33.4":
  version "7.33.4"
  resolved "https://registry.yarnpkg.com/@uifabric/utilities/-/utilities-7.33.4.tgz#11ce778c420c1f72b1f29032530c39545affb53a"
  integrity sha512-FgEL2+GWOHMNMQqmI5Mko293W3c9PWIc/WrlU6jQ5AU83M1BQSxhS0LPNnRbahukiEFNkosCOOKzKCNdjzkCwA==
  dependencies:
    "@fluentui/dom-utilities" "^1.1.1"
    "@uifabric/merge-styles" "^7.19.1"
    "@uifabric/set-version" "^7.0.23"
    prop-types "^15.7.2"
    tslib "^1.10.0"

buffer-from@^1.0.0:
  version "1.1.1"
  resolved "https://registry.yarnpkg.com/buffer-from/-/buffer-from-1.1.1.tgz#32713bc028f75c02fdb710d7c7bcec1f2c6070ef"
  integrity sha512-MQcXEUbCKtEo7bhqEs6560Hyd4XaovZlO/k9V3hjVUF/zwW7KBVdSK4gIt/bzwS9MbR5qob+F5jusZsb0YQK2A==

csstype@^3.0.2:
  version "3.0.6"
  resolved "https://registry.yarnpkg.com/csstype/-/csstype-3.0.6.tgz#865d0b5833d7d8d40f4e5b8a6d76aea3de4725ef"
  integrity sha512-+ZAmfyWMT7TiIlzdqJgjMb7S4f1beorDbWbsocyK4RaiqA5RTX3K14bnBWmmA9QEM0gRdsjyyrEmcyga8Zsxmw==

deepmerge@^2.1.1:
  version "2.2.1"
  resolved "https://registry.yarnpkg.com/deepmerge/-/deepmerge-2.2.1.tgz#5d3ff22a01c00f645405a2fbc17d0778a1801170"
  integrity sha512-R9hc1Xa/NOBi9WRVUWg19rl1UB7Tt4kuPd+thNJgFZoxXsTz7ncaPaeIm+40oSGuP33DfMb4sZt1QIGiJzC4EA==

formik@^2.2.0:
  version "2.2.6"
  resolved "https://registry.yarnpkg.com/formik/-/formik-2.2.6.tgz#378a4bafe4b95caf6acf6db01f81f3fe5147559d"
  integrity sha512-Kxk2zQRafy56zhLmrzcbryUpMBvT0tal5IvcifK5+4YNGelKsnrODFJ0sZQRMQboblWNym4lAW3bt+tf2vApSA==
  dependencies:
    deepmerge "^2.1.1"
    hoist-non-react-statics "^3.3.0"
    lodash "^4.17.14"
    lodash-es "^4.17.14"
    react-fast-compare "^2.0.1"
    tiny-warning "^1.0.2"
    tslib "^1.10.0"

hoist-non-react-statics@^3.3.0:
  version "3.3.2"
  resolved "https://registry.yarnpkg.com/hoist-non-react-statics/-/hoist-non-react-statics-3.3.2.tgz#ece0acaf71d62c2969c2ec59feff42a4b1a85b45"
  integrity sha512-/gGivxi8JPKWNm/W0jSmzcMPpfpPLc3dY/6GxhX2hQ9iGj3aDfklV4ET7NjKpSinLpJ5vafa9iiGIEZg10SfBw==
  dependencies:
    react-is "^16.7.0"

idelic-safety-net@^1.3.1:
  version "1.3.1"
  resolved "https://registry.yarnpkg.com/idelic-safety-net/-/idelic-safety-net-1.3.1.tgz#c23b290e85f82bb3c00d4a7c6294d4ae8772f50e"
  integrity sha512-yzqGfU9ZfRZrbulNcaYOoiYYqjRpiDRWIjm4Ig25h/oboHu4P9geeRTZvHQS/U9L7ieeAWL8qa/igmrxCioVFg==
  dependencies:
    source-map-support "^0.5.13"

idelic-safety-suite-api@^7.0.1:
  version "7.0.1"
  resolved "https://registry.yarnpkg.com/idelic-safety-suite-api/-/idelic-safety-suite-api-7.0.1.tgz#fee8e2a9530fad07bef0a98c0a8ff9f18783af74"
  integrity sha512-3pYE684aOgCVVooP1jxaaPI3lOkx2NaV8RqCgEZPFs3k/79WW32myPrRABlesNYBieTy+/7eJJcyP9FsVk/JYA==
  dependencies:
    idelic-safety-net "^1.3.1"
    moment "^2.24.0"
    moment-timezone "^0.5.26"
    source-map-support "^0.5.13"

immutable@^4.0.0-rc.12:
  version "4.0.0-rc.12"
  resolved "https://registry.yarnpkg.com/immutable/-/immutable-4.0.0-rc.12.tgz#ca59a7e4c19ae8d9bf74a97bdf0f6e2f2a5d0217"
  integrity sha512-0M2XxkZLx/mi3t8NVwIm1g8nHoEmM9p9UBl/G9k4+hm0kBgOVdMV/B3CY5dQ8qG8qc80NN4gDV4HQv6FTJ5q7A==

"js-tokens@^3.0.0 || ^4.0.0":
  version "4.0.0"
  resolved "https://registry.yarnpkg.com/js-tokens/-/js-tokens-4.0.0.tgz#19203fb59991df98e3a287050d4647cdeaf32499"
  integrity sha512-RdJUflcE3cUzKiMqQgsCu06FPu9UdIJO0beYbPhHN4k6apgJtifcoCtT9bcxOpYBtpD2kCM6Sbzg4CausW/PKQ==

lodash-es@^4.17.14:
  version "4.17.21"
  resolved "https://registry.yarnpkg.com/lodash-es/-/lodash-es-4.17.21.tgz#43e626c46e6591b7750beb2b50117390c609e3ee"
  integrity sha512-mKnC+QJ9pWVzv+C4/U3rRsHapFfHvQFoFB92e52xeyGMcX6/OlIl78je1u8vePzYZSkkogMPJ2yjxxsb89cxyw==

lodash@^4.17.14, lodash@^4.17.20, lodash@^4.17.21:
  version "4.17.21"
  resolved "https://registry.yarnpkg.com/lodash/-/lodash-4.17.21.tgz#679591c564c3bffaae8454cf0b3df370c3d6911c"
  integrity sha512-v2kDEe57lecTulaDIuNTPy3Ry4gLGJ6Z1O3vE1krgXZNrsQ+LFTGHVxVjcXPs17LhbZVGedAJv8XZ1tvj5FvSg==

loose-envify@^1.4.0:
  version "1.4.0"
  resolved "https://registry.yarnpkg.com/loose-envify/-/loose-envify-1.4.0.tgz#71ee51fa7be4caec1a63839f7e682d8132d30caf"
  integrity sha512-lyuxPGr/Wfhrlem2CL/UcnUc1zcqKAImBDzukY7Y5F/yQiNdko6+fRLevlw1HgMySw7f611UIY408EtxRSoK3Q==
  dependencies:
    js-tokens "^3.0.0 || ^4.0.0"

moment-timezone@^0.5.26:
  version "0.5.45"
  resolved "https://registry.yarnpkg.com/moment-timezone/-/moment-timezone-0.5.45.tgz#cb685acd56bac10e69d93c536366eb65aa6bcf5c"
  integrity sha512-HIWmqA86KcmCAhnMAN0wuDOARV/525R2+lOLotuGFzn4HO+FH+/645z2wx0Dt3iDv6/p61SIvKnDstISainhLQ==
  dependencies:
    moment "^2.29.4"

moment@^2.24.0, moment@^2.29.4:
  version "2.30.0"
  resolved "https://registry.yarnpkg.com/moment/-/moment-2.30.0.tgz#c2a65bb962bdf2a9c49c69b5358c41f6c66ad10e"
  integrity sha512-8XSlYFhOSJvnEJOas6RpDCNU2PYeVC+oE33d3Z9tIsXpD8LIgBeqrHPjP8es4b3fcJpf07D1PJWGDUfdbqDLnQ==

object-assign@^4.1.1:
  version "4.1.1"
  resolved "https://registry.yarnpkg.com/object-assign/-/object-assign-4.1.1.tgz#2109adc7965887cfc05cbbd442cac8bfbb360863"
  integrity sha1-IQmtx5ZYh8/AXLvUQsrIv7s2CGM=

office-ui-fabric-react@^7.160.2:
  version "7.160.2"
  resolved "https://registry.yarnpkg.com/office-ui-fabric-react/-/office-ui-fabric-react-7.160.2.tgz#39074af199ece428d93c6e84d8048d428de4ed36"
  integrity sha512-Ij9ckmAEP19gXnlp6/1De+5bO+ox8NiNERepA7Mf/c5adHuyeigahXbWXldUh332z0Hns5kYUT1viW4SS44MbQ==
  dependencies:
    "@fluentui/date-time-utilities" "^7.9.0"
    "@fluentui/react-focus" "^7.17.4"
    "@fluentui/react-window-provider" "^1.0.1"
    "@microsoft/load-themed-styles" "^1.10.26"
    "@uifabric/foundation" "^7.9.24"
    "@uifabric/icons" "^7.5.21"
    "@uifabric/merge-styles" "^7.19.1"
    "@uifabric/react-hooks" "^7.13.11"
    "@uifabric/set-version" "^7.0.23"
    "@uifabric/styling" "^7.18.0"
    "@uifabric/utilities" "^7.33.4"
    prop-types "^15.7.2"
    tslib "^1.10.0"

prop-types@^15.7.2:
  version "15.7.2"
  resolved "https://registry.yarnpkg.com/prop-types/-/prop-types-15.7.2.tgz#52c41e75b8c87e72b9d9360e0206b99dcbffa6c5"
  integrity sha512-8QQikdH7//R2vurIJSutZ1smHYTcLpRWEOlHnzcWHmBYrOGUysKwSsrC89BCiFj3CbrfJ/nXFdJepOVrY1GCHQ==
  dependencies:
    loose-envify "^1.4.0"
    object-assign "^4.1.1"
    react-is "^16.8.1"

react-fast-compare@^2.0.1:
  version "2.0.4"
  resolved "https://registry.yarnpkg.com/react-fast-compare/-/react-fast-compare-2.0.4.tgz#e84b4d455b0fec113e0402c329352715196f81f9"
  integrity sha512-suNP+J1VU1MWFKcyt7RtjiSWUjvidmQSlqu+eHslq+342xCbGTYmC0mEhPCOHxlW0CywylOC1u2DFAT+bv4dBw==

react-is@^16.7.0, react-is@^16.8.1:
  version "16.13.1"
  resolved "https://registry.yarnpkg.com/react-is/-/react-is-16.13.1.tgz#789729a4dc36de2999dc156dd6c1d9c18cea56a4"
  integrity sha512-24e6ynE2H+OKt4kqsOvNd8kBpV65zoxbA4BVsEOB3ARVWQki/DHzaUoC5KuON/BiccDaCCTZBuOcfZs70kR8bQ==

source-map-support@^0.5.13:
  version "0.5.19"
  resolved "https://registry.yarnpkg.com/source-map-support/-/source-map-support-0.5.19.tgz#a98b62f86dcaf4f67399648c085291ab9e8fed61"
  integrity sha512-Wonm7zOCIJzBGQdB+thsPar0kYuCIzYvxZwlBa87yi/Mdjv7Tip2cyVbLj5o0cFPN4EVkuTwb3GDDyUx2DGnGw==
  dependencies:
    buffer-from "^1.0.0"
    source-map "^0.6.0"

source-map@^0.6.0:
  version "0.6.1"
  resolved "https://registry.yarnpkg.com/source-map/-/source-map-0.6.1.tgz#74722af32e9614e9c287a8d0bbde48b5e2f1a263"
  integrity sha512-UjgapumWlbMhkBgzT7Ykc5YXUT46F0iKu8SGXq0bcwP5dz/h0Plj6enJqjz1Zbq2l5WaqYnrVbwWOWMyF3F47g==

tiny-warning@^1.0.2:
  version "1.0.3"
  resolved "https://registry.yarnpkg.com/tiny-warning/-/tiny-warning-1.0.3.tgz#94a30db453df4c643d0fd566060d60a875d84754"
  integrity sha512-lBN9zLN/oAf68o3zNXYrdCt1kP8WsiGW8Oo2ka41b2IM5JL/S1CTyX1rW0mb/zSuJun0ZUrDxx4sqvYS2FWzPA==

tslib@^1.10.0:
  version "1.14.1"
  resolved "https://registry.yarnpkg.com/tslib/-/tslib-1.14.1.tgz#cf2d38bdc34a134bcaf1091c41f6619e2f672d00"
  integrity sha512-Xni35NKzjgMrwevysHTCArtLDpPvye8zV/0E4EyYn43P7/7qvQwPh9BGkHewbMulVntbigmcT7rdX3BNo9wRJg==

tslib@^2.1.0:
  version "2.3.1"
  resolved "https://registry.npmjs.org/tslib/-/tslib-2.3.1.tgz#e8a335add5ceae51aa261d32a490158ef042ef01"
  integrity sha512-77EbyPPpMz+FRFRuAFlWMtmgUWGe9UOG2Z25NqCwiIjRhOf5iKGuzSe5P2w1laq+FkRy4p+PCuVkJSGkzTEKVw==
