# This file is generated by running "yarn install" inside your project.
# Manual changes might be lost - proceed with caution!

__metadata:
  version: 8
  cacheKey: 10c0

"@fluentui/date-time-utilities@npm:^7.9.0":
  version: 7.9.0
  resolution: "@fluentui/date-time-utilities@npm:7.9.0"
  dependencies:
    "@uifabric/set-version": "npm:^7.0.23"
    tslib: "npm:^1.10.0"
  checksum: 10c0/5f9efecffc33524f048fcbdd5dd72bae3acbd168c4a9e38f3ce2b754920321796be7b8b7703dce7500bcf7f0fa7e7fba7914a8103cdd8d496308c38e64ed7e16
  languageName: node
  linkType: hard

"@fluentui/dom-utilities@npm:^1.1.1":
  version: 1.1.1
  resolution: "@fluentui/dom-utilities@npm:1.1.1"
  dependencies:
    "@uifabric/set-version": "npm:^7.0.23"
    tslib: "npm:^1.10.0"
  checksum: 10c0/363e44d2f3e7512f359201353e034353cde5a6168989b7ee426867e97810763b73bfc88ab1bf4a2818c7ec257c0043d14425ed5670ce8ecc2e6a193c9815c580
  languageName: node
  linkType: hard

"@fluentui/dom-utilities@npm:^2.1.4":
  version: 2.1.4
  resolution: "@fluentui/dom-utilities@npm:2.1.4"
  dependencies:
    "@fluentui/set-version": "npm:^8.1.4"
    tslib: "npm:^2.1.0"
  checksum: 10c0/66ab9f704310e82ee064b88e5ccaf134708cae50df9ae22c0c156b3fcbfdb8193fff9f18e86eb1b6c62cadbd5df0931e3f782aff1fee7cda3e90f25df2b48ee7
  languageName: node
  linkType: hard

"@fluentui/keyboard-key@npm:^0.2.12":
  version: 0.2.13
  resolution: "@fluentui/keyboard-key@npm:0.2.13"
  dependencies:
    tslib: "npm:^1.10.0"
  checksum: 10c0/52af3b460697e1d67781b7d4e6dea237edd97602c7dc461fc39851635b7394244b2f0906a0037d0228dadcc6dbf7cf360f83be6b557d54b8f0ca0253aa4557de
  languageName: node
  linkType: hard

"@fluentui/merge-styles@npm:^8.2.0":
  version: 8.2.0
  resolution: "@fluentui/merge-styles@npm:8.2.0"
  dependencies:
    "@fluentui/set-version": "npm:^8.1.4"
    tslib: "npm:^2.1.0"
  checksum: 10c0/638538bb0e1d19a8f79ab5ec4f186cd1b5145e05c4770ce9d3e04583a6ecea545687209a16ff21e43c10732b703a6b9277dffe32f4bfc39debcc4220b1f4166a
  languageName: node
  linkType: hard

"@fluentui/react-focus@npm:^7.17.4":
  version: 7.17.4
  resolution: "@fluentui/react-focus@npm:7.17.4"
  dependencies:
    "@fluentui/keyboard-key": "npm:^0.2.12"
    "@uifabric/merge-styles": "npm:^7.19.1"
    "@uifabric/set-version": "npm:^7.0.23"
    "@uifabric/styling": "npm:^7.18.0"
    "@uifabric/utilities": "npm:^7.33.4"
    tslib: "npm:^1.10.0"
  peerDependencies:
    "@types/react": ">=16.8.0 <17.0.0"
    "@types/react-dom": ">=16.8.0 <17.0.0"
    react: ">=16.8.0 <17.0.0"
    react-dom: ">=16.8.0 <17.0.0"
  checksum: 10c0/56db15435eb11628be0531a8a2eafb3aab776909f269deded8d13c6fb2c7e757c58e19d9b5089c28e956d89545a11539b94b6b5495a67e1411df3f678116be62
  languageName: node
  linkType: hard

"@fluentui/react-hooks@npm:^8.3.3":
  version: 8.3.3
  resolution: "@fluentui/react-hooks@npm:8.3.3"
  dependencies:
    "@fluentui/react-window-provider": "npm:^2.1.4"
    "@fluentui/set-version": "npm:^8.1.4"
    "@fluentui/utilities": "npm:^8.3.3"
    tslib: "npm:^2.1.0"
  peerDependencies:
    "@types/react": ">=16.8.0 <18.0.0"
    react: ">=16.8.0 <18.0.0"
  checksum: 10c0/86b4bb40ea73727ac908f32bbb4907c699440c0fc852fdf7b9b744c0022cef97f9c31fecf478e4009ab31f8f404b420b246839350dedbf3db13e4c96b60f9f4c
  languageName: node
  linkType: hard

"@fluentui/react-window-provider@npm:^1.0.1":
  version: 1.0.1
  resolution: "@fluentui/react-window-provider@npm:1.0.1"
  dependencies:
    "@uifabric/set-version": "npm:^7.0.23"
    tslib: "npm:^1.10.0"
  peerDependencies:
    "@types/react": ">=16.8.0 <17.0.0"
    "@types/react-dom": ">=16.8.0 <17.0.0"
    react: ">=16.8.0 <17.0.0"
    react-dom: ">=16.8.0 <17.0.0"
  checksum: 10c0/78522186414340af506417fb03434f036b0fc086c6e4c97af72934a5e0d994efee7d6efe3a1d0f5dd6c853e89e03d0c1aa22d52ef43bad01ff20ae2068ab8f72
  languageName: node
  linkType: hard

"@fluentui/react-window-provider@npm:^2.1.4":
  version: 2.1.4
  resolution: "@fluentui/react-window-provider@npm:2.1.4"
  dependencies:
    "@fluentui/set-version": "npm:^8.1.4"
    tslib: "npm:^2.1.0"
  peerDependencies:
    "@types/react": ">=16.8.0 <18.0.0"
    react: ">=16.8.0 <18.0.0"
  checksum: 10c0/b1626f145395e045112118d54435072f796b74ec2011b23567c624959fa347948d502267f2de49e03fc5d5c5c797369ce9f04837ce9cf921f0acbb155ef59aa5
  languageName: node
  linkType: hard

"@fluentui/react@npm:^7.145.0":
  version: 7.160.2
  resolution: "@fluentui/react@npm:7.160.2"
  dependencies:
    "@uifabric/set-version": "npm:^7.0.23"
    office-ui-fabric-react: "npm:^7.160.2"
    tslib: "npm:^1.10.0"
  peerDependencies:
    "@types/react": ">=16.8.0 <17.0.0"
    "@types/react-dom": ">=16.8.0 <17.0.0"
    react: ">=16.8.0 <17.0.0"
    react-dom: ">=16.8.0 <17.0.0"
  checksum: 10c0/4f28964e5351e2f4ebb827e921fc499e4f8be1e2f67a72185cf24002390a897f8ebc93f76913c294e9a22276d3ff9e118ddf7450f24c2a3f0f09007a026cbe70
  languageName: node
  linkType: hard

"@fluentui/set-version@npm:^8.1.4":
  version: 8.1.4
  resolution: "@fluentui/set-version@npm:8.1.4"
  dependencies:
    tslib: "npm:^2.1.0"
  checksum: 10c0/dbfb7ce4685bac16f4aad46f680a22629fa2b41046f1c4fd3d44c1367a91d947b272295badf19254a71e18214acfe757ec2d546c447ee5ea343d92f1e617c422
  languageName: node
  linkType: hard

"@fluentui/theme@npm:^1.7.3":
  version: 1.7.3
  resolution: "@fluentui/theme@npm:1.7.3"
  dependencies:
    "@uifabric/merge-styles": "npm:^7.19.1"
    "@uifabric/set-version": "npm:^7.0.23"
    "@uifabric/utilities": "npm:^7.33.4"
    tslib: "npm:^1.10.0"
  peerDependencies:
    "@types/react": ">=16.8.0 <17.0.0"
    "@types/react-dom": ">=16.8.0 <17.0.0"
    react: ">=16.8.0 <17.0.0"
    react-dom: ">=16.8.0 <17.0.0"
  checksum: 10c0/61bff8dd071f70680fc3af4dbd18c06cb7d08b3b45bdcb80ede9a56e9959d962e35d1042ca81474d4a4bd819a50c57f58b71bb045cc41503a037fd4b9eff6e76
  languageName: node
  linkType: hard

"@fluentui/utilities@npm:^8.3.3":
  version: 8.3.3
  resolution: "@fluentui/utilities@npm:8.3.3"
  dependencies:
    "@fluentui/dom-utilities": "npm:^2.1.4"
    "@fluentui/merge-styles": "npm:^8.2.0"
    "@fluentui/set-version": "npm:^8.1.4"
    tslib: "npm:^2.1.0"
  peerDependencies:
    "@types/react": ">=16.8.0 <18.0.0"
    react: ">=16.8.0 <18.0.0"
  checksum: 10c0/c772480f7fa96a76f38100b7fa09bb35eb3766b74030ce136e7f1ca9aacbc7b11803abbc1189d5637eaeb55b128f36ae0de21cd8c6cc8e911e62f1b85fb9e29b
  languageName: node
  linkType: hard

"@idelic/formatron-react@workspace:.":
  version: 0.0.0-use.local
  resolution: "@idelic/formatron-react@workspace:."
  dependencies:
    "@fluentui/react": "npm:^7.145.0"
    "@fluentui/react-hooks": "npm:^8.3.3"
    "@idelic/formatron": "npm:^2.0.5"
    "@types/react": "npm:^16.9.51"
    formik: "npm:^2.2.0"
    lodash: "npm:^4.17.20"
    moment: "npm:^2.29.4"
  peerDependencies:
    "@idelic/formatron": 1.0.0-alpha.0
    react: ^16.13.1
    react-dom: ^16.13.1
  languageName: unknown
  linkType: soft

"@idelic/formatron@npm:^2.0.5":
  version: 2.0.5
  resolution: "@idelic/formatron@npm:2.0.5"
  dependencies:
    idelic-safety-suite-api: "npm:^7.0.1"
    immutable: "npm:^4.0.0-rc.12"
    lodash: "npm:^4.17.20"
    moment: "npm:^2.29.4"
  checksum: 10c0/c689ee162c4fbe83201585bb6cdae39206d162f51354ae1e8cf7aa50644829c771f11751a7b6632c1373d69a508e9971c2e176e8f9941b084719b2955a1c6782
  languageName: node
  linkType: hard

"@microsoft/load-themed-styles@npm:^1.10.26":
  version: 1.10.147
  resolution: "@microsoft/load-themed-styles@npm:1.10.147"
  checksum: 10c0/93b65385ad8d8f10ae285a66b9d267dc4103ad56316436374699efbfa99a0ebb821b8aa6c4d866f69051911ac31587c6abe539523d64816bdf9b6625733726e6
  languageName: node
  linkType: hard

"@types/prop-types@npm:*":
  version: 15.7.3
  resolution: "@types/prop-types@npm:15.7.3"
  checksum: 10c0/511aac811bfdba9dd1c463d6e502d852bb2196048cf861fbf48a97d883dd32c1c44ad2127a18dbb49733d9ad0aafd445d673eb50d5547ca843106835f67b5877
  languageName: node
  linkType: hard

"@types/react@npm:^16.9.51":
  version: 16.14.4
  resolution: "@types/react@npm:16.14.4"
  dependencies:
    "@types/prop-types": "npm:*"
    csstype: "npm:^3.0.2"
  checksum: 10c0/5763e93bb393ca4b5c8db3c285d21eb9d46497d6ba0cf452faf5ee7b4f5869b530d05cd08c03cff142c793133b455caa41e61ac5b0f7bbab3d63683525c7b42a
  languageName: node
  linkType: hard

"@uifabric/foundation@npm:^7.9.24":
  version: 7.9.24
  resolution: "@uifabric/foundation@npm:7.9.24"
  dependencies:
    "@uifabric/merge-styles": "npm:^7.19.1"
    "@uifabric/set-version": "npm:^7.0.23"
    "@uifabric/styling": "npm:^7.18.0"
    "@uifabric/utilities": "npm:^7.33.4"
    tslib: "npm:^1.10.0"
  peerDependencies:
    "@types/react": ">=16.8.0 <17.0.0"
    "@types/react-dom": ">=16.8.0 <17.0.0"
    react: ">=16.8.0 <17.0.0"
    react-dom: ">=16.8.0 <17.0.0"
  checksum: 10c0/1b19d0bdc4cedb568869ee43864955996f03a5eb3824d0645c7088142f04429dc8b27dabb6f6658e2b760aa3da5fd8e53ef9e96b375d8693baa9affc33c43bab
  languageName: node
  linkType: hard

"@uifabric/icons@npm:^7.5.21":
  version: 7.5.21
  resolution: "@uifabric/icons@npm:7.5.21"
  dependencies:
    "@uifabric/set-version": "npm:^7.0.23"
    "@uifabric/styling": "npm:^7.18.0"
    tslib: "npm:^1.10.0"
  checksum: 10c0/3bdb9cc5dcae0b15a766cd4265ade5f7709dce9acde296f5de0afdbf04918547bb0ae36450fbd15b37c34bd1dff7a2a22711bbef70a54d4b3b1c615a88e1e68e
  languageName: node
  linkType: hard

"@uifabric/merge-styles@npm:^7.19.1":
  version: 7.19.1
  resolution: "@uifabric/merge-styles@npm:7.19.1"
  dependencies:
    "@uifabric/set-version": "npm:^7.0.23"
    tslib: "npm:^1.10.0"
  checksum: 10c0/774af1cb70ef0b2f6d9c801021945ebe10dc555af9f7aa311353c9589b8a89089c9d4974a9867a68317db8ff4198c89f78d4e08182952d1c87cab02625f6cb27
  languageName: node
  linkType: hard

"@uifabric/react-hooks@npm:^7.13.11":
  version: 7.13.11
  resolution: "@uifabric/react-hooks@npm:7.13.11"
  dependencies:
    "@fluentui/react-window-provider": "npm:^1.0.1"
    "@uifabric/set-version": "npm:^7.0.23"
    "@uifabric/utilities": "npm:^7.33.4"
    tslib: "npm:^1.10.0"
  peerDependencies:
    "@types/react": ">=16.8.0 <17.0.0"
    "@types/react-dom": ">=16.8.0 <17.0.0"
    react: ">=16.8.0 <17.0.0"
    react-dom: ">=16.8.0 <17.0.0"
  checksum: 10c0/7b7ada877c474d958f1a895552c6c2c23d5c961b4a05b2faf7ba4e4e33f0aedd60c98f85272a7483ab3e8d1b37ffbd0118c000e987d73ed25eb9011d52f788cf
  languageName: node
  linkType: hard

"@uifabric/set-version@npm:^7.0.23":
  version: 7.0.23
  resolution: "@uifabric/set-version@npm:7.0.23"
  dependencies:
    tslib: "npm:^1.10.0"
  checksum: 10c0/40482caeca6a43b6f37360979526f78506fd1f27cb4a59dca04d26fda236d715f2e8f44132981c57f07840789b1438957e14f4e9fc00cc820fc43fdbc68084dd
  languageName: node
  linkType: hard

"@uifabric/styling@npm:^7.18.0":
  version: 7.18.0
  resolution: "@uifabric/styling@npm:7.18.0"
  dependencies:
    "@fluentui/theme": "npm:^1.7.3"
    "@microsoft/load-themed-styles": "npm:^1.10.26"
    "@uifabric/merge-styles": "npm:^7.19.1"
    "@uifabric/set-version": "npm:^7.0.23"
    "@uifabric/utilities": "npm:^7.33.4"
    tslib: "npm:^1.10.0"
  checksum: 10c0/f9ab273fc8c47ea0ef4abfc8f18e41770ef7b52971d09c9d2932a2e511842975b675f51eca11eda49d3f6032cc1b496ca45b1e82e7f3d9cfc69e976b89d52dba
  languageName: node
  linkType: hard

"@uifabric/utilities@npm:^7.33.4":
  version: 7.33.4
  resolution: "@uifabric/utilities@npm:7.33.4"
  dependencies:
    "@fluentui/dom-utilities": "npm:^1.1.1"
    "@uifabric/merge-styles": "npm:^7.19.1"
    "@uifabric/set-version": "npm:^7.0.23"
    prop-types: "npm:^15.7.2"
    tslib: "npm:^1.10.0"
  peerDependencies:
    "@types/react": ">=16.8.0 <17.0.0"
    "@types/react-dom": ">=16.8.0 <17.0.0"
    react: ">=16.8.0 <17.0.0"
    react-dom: ">=16.8.0 <17.0.0"
  checksum: 10c0/2a60e154ac06fa005a63a1abafe99d6f44360aedb0d491e3b5eaa3eb1fbc0a73bd121d6bbd45a6347b1bba32c7709c0c5d161d99f212ed6d71a87767b26b48df
  languageName: node
  linkType: hard

"buffer-from@npm:^1.0.0":
  version: 1.1.1
  resolution: "buffer-from@npm:1.1.1"
  checksum: 10c0/a8c5057c985d8071e7a64988ad72f313e08eb3001eda76bead78b1f9afc7a07d20be9677eed0b5791727baeecd56360fe541bc5dd74feb40efe202a74584d533
  languageName: node
  linkType: hard

"csstype@npm:^3.0.2":
  version: 3.0.6
  resolution: "csstype@npm:3.0.6"
  checksum: 10c0/77aa72e5eddbb7fbb48a15146c20112bf667ac558b0e3134171bdf076715fea11b3019966f93908f8bf482a10e8e46816eac21a492e0a34ca40897dd289b9a73
  languageName: node
  linkType: hard

"deepmerge@npm:^2.1.1":
  version: 2.2.1
  resolution: "deepmerge@npm:2.2.1"
  checksum: 10c0/4379288cabd817587cee92a095ea65d18317b45e48010a2e0d87982b5f432239a144f9c8ebd4ab090cc21f0cb47e51ebfe32921f329b3b3084a2711d5d63e450
  languageName: node
  linkType: hard

"formik@npm:^2.2.0":
  version: 2.2.6
  resolution: "formik@npm:2.2.6"
  dependencies:
    deepmerge: "npm:^2.1.1"
    hoist-non-react-statics: "npm:^3.3.0"
    lodash: "npm:^4.17.14"
    lodash-es: "npm:^4.17.14"
    react-fast-compare: "npm:^2.0.1"
    tiny-warning: "npm:^1.0.2"
    tslib: "npm:^1.10.0"
  peerDependencies:
    react: ">=16.8.0"
  checksum: 10c0/9b0b98bde101cdfade5ffa76a58e258c268f9fbdea95c7f4e594b63bed5aa57d15c7ee89d3c7e111daf5f8b923400db35e8f5eede3a403c8da587021565d9b21
  languageName: node
  linkType: hard

"hoist-non-react-statics@npm:^3.3.0":
  version: 3.3.2
  resolution: "hoist-non-react-statics@npm:3.3.2"
  dependencies:
    react-is: "npm:^16.7.0"
  checksum: 10c0/fe0889169e845d738b59b64badf5e55fa3cf20454f9203d1eb088df322d49d4318df774828e789898dcb280e8a5521bb59b3203385662ca5e9218a6ca5820e74
  languageName: node
  linkType: hard

"idelic-safety-net@npm:^1.3.1":
  version: 1.3.1
  resolution: "idelic-safety-net@npm:1.3.1"
  dependencies:
    source-map-support: "npm:^0.5.13"
  checksum: 10c0/b13f00e140ef5c301a336a1305ca3a8e474956fedccfc220f425b9aa92fcc883c20f41ee773204e787bd859c0d2b4cdb8846d8341a9531f6b9ffeae1a6eeee29
  languageName: node
  linkType: hard

"idelic-safety-suite-api@npm:^7.0.1":
  version: 7.0.1
  resolution: "idelic-safety-suite-api@npm:7.0.1"
  dependencies:
    idelic-safety-net: "npm:^1.3.1"
    moment: "npm:^2.24.0"
    moment-timezone: "npm:^0.5.26"
    source-map-support: "npm:^0.5.13"
  peerDependencies:
    immutable: 4.x
  checksum: 10c0/94f4e9069a05e83700ef74d670a6b39281ae5c02e7f61a5ed89012f833ee399f73c08b7440f1e3d79e6e9ff25e0f116e831a150020e31acdda4ac41ed62cce78
  languageName: node
  linkType: hard

"immutable@npm:^4.0.0-rc.12":
  version: 4.0.0-rc.12
  resolution: "immutable@npm:4.0.0-rc.12"
  checksum: 10c0/72148e159e3a31133c6e2c9024d0d35036d3029d025bd146eeedf632892db3326a82dda037ce9f62bde32124f8e87139269e747e5b14377fbd106fd44ca20615
  languageName: node
  linkType: hard

"js-tokens@npm:^3.0.0 || ^4.0.0":
  version: 4.0.0
  resolution: "js-tokens@npm:4.0.0"
  checksum: 10c0/e248708d377aa058eacf2037b07ded847790e6de892bbad3dac0abba2e759cb9f121b00099a65195616badcb6eca8d14d975cb3e89eb1cfda644756402c8aeed
  languageName: node
  linkType: hard

"lodash-es@npm:^4.17.14":
  version: 4.17.21
  resolution: "lodash-es@npm:4.17.21"
  checksum: 10c0/fb407355f7e6cd523a9383e76e6b455321f0f153a6c9625e21a8827d10c54c2a2341bd2ae8d034358b60e07325e1330c14c224ff582d04612a46a4f0479ff2f2
  languageName: node
  linkType: hard

"lodash@npm:^4.17.21":
  version: 4.17.21
  resolution: "lodash@npm:4.17.21"
  checksum: 10c0/d8cbea072bb08655bb4c989da418994b073a608dffa608b09ac04b43a791b12aeae7cd7ad919aa4c925f33b48490b5cfe6c1f71d827956071dae2e7bb3a6b74c
  languageName: node
  linkType: hard

"loose-envify@npm:^1.4.0":
  version: 1.4.0
  resolution: "loose-envify@npm:1.4.0"
  dependencies:
    js-tokens: "npm:^3.0.0 || ^4.0.0"
  bin:
    loose-envify: cli.js
  checksum: 10c0/655d110220983c1a4b9c0c679a2e8016d4b67f6e9c7b5435ff5979ecdb20d0813f4dec0a08674fcbdd4846a3f07edbb50a36811fd37930b94aaa0d9daceb017e
  languageName: node
  linkType: hard

"moment-timezone@npm:^0.5.26":
  version: 0.5.37
  resolution: "moment-timezone@npm:0.5.37"
  dependencies:
    moment: "npm:>= 2.9.0"
  checksum: 10c0/2ebbbf7352fbfba66571d2f49458bdae296f0e3511a0b233f4f03d402b003c038191c583cb24d76b427e9c0a5455bf660964ca722266f08c62e56d19abcc75ca
  languageName: node
  linkType: hard

"moment@npm:>= 2.9.0, moment@npm:^2.24.0, moment@npm:^2.29.4":
  version: 2.29.4
  resolution: "moment@npm:2.29.4"
  checksum: 10c0/844c6f3ce42862ac9467c8ca4f5e48a00750078682cc5bda1bc0e50cc7ca88e2115a0f932d65a06e4a90e26cb78892be9b3ca3dd6546ca2c4d994cebb787fc2b
  languageName: node
  linkType: hard

"object-assign@npm:^4.1.1":
  version: 4.1.1
  resolution: "object-assign@npm:4.1.1"
  checksum: 10c0/1f4df9945120325d041ccf7b86f31e8bcc14e73d29171e37a7903050e96b81323784ec59f93f102ec635bcf6fa8034ba3ea0a8c7e69fa202b87ae3b6cec5a414
  languageName: node
  linkType: hard

"office-ui-fabric-react@npm:^7.160.2":
  version: 7.160.2
  resolution: "office-ui-fabric-react@npm:7.160.2"
  dependencies:
    "@fluentui/date-time-utilities": "npm:^7.9.0"
    "@fluentui/react-focus": "npm:^7.17.4"
    "@fluentui/react-window-provider": "npm:^1.0.1"
    "@microsoft/load-themed-styles": "npm:^1.10.26"
    "@uifabric/foundation": "npm:^7.9.24"
    "@uifabric/icons": "npm:^7.5.21"
    "@uifabric/merge-styles": "npm:^7.19.1"
    "@uifabric/react-hooks": "npm:^7.13.11"
    "@uifabric/set-version": "npm:^7.0.23"
    "@uifabric/styling": "npm:^7.18.0"
    "@uifabric/utilities": "npm:^7.33.4"
    prop-types: "npm:^15.7.2"
    tslib: "npm:^1.10.0"
  peerDependencies:
    "@types/react": ">=16.8.0 <17.0.0"
    "@types/react-dom": ">=16.8.0 <17.0.0"
    react: ">=16.8.0 <17.0.0"
    react-dom: ">=16.8.0 <17.0.0"
  checksum: 10c0/f318b815853177297893b728827054ee47a38a58884474d2254bd441188f01af2a8b75e9cd7730e539a82b20b795a2faab953dc980988c4f505b9fc10fc459d7
  languageName: node
  linkType: hard

"prop-types@npm:^15.7.2":
  version: 15.7.2
  resolution: "prop-types@npm:15.7.2"
  dependencies:
    loose-envify: "npm:^1.4.0"
    object-assign: "npm:^4.1.1"
    react-is: "npm:^16.8.1"
  checksum: 10c0/4eb527daec962acd789c621ce3234a6f077ce202049291642d8efd13b19805adf07227672c570531cdb56a357640ea27e336527682b7ed4be0c5b392a01662ab
  languageName: node
  linkType: hard

"react-fast-compare@npm:^2.0.1":
  version: 2.0.4
  resolution: "react-fast-compare@npm:2.0.4"
  checksum: 10c0/f0300c677e95198b5f993cbb8a983dab09586157dc678f9e2b5b29ff941b6677a8776fbbdc425ce102fad86937e36bb45cfcfd797f006270b97ccf287ebfb885
  languageName: node
  linkType: hard

"react-is@npm:^16.7.0, react-is@npm:^16.8.1":
  version: 16.13.1
  resolution: "react-is@npm:16.13.1"
  checksum: 10c0/33977da7a5f1a287936a0c85639fec6ca74f4f15ef1e59a6bc20338fc73dc69555381e211f7a3529b8150a1f71e4225525b41b60b52965bda53ce7d47377ada1
  languageName: node
  linkType: hard

"source-map-support@npm:^0.5.13":
  version: 0.5.19
  resolution: "source-map-support@npm:0.5.19"
  dependencies:
    buffer-from: "npm:^1.0.0"
    source-map: "npm:^0.6.0"
  checksum: 10c0/a232cb02dc5c2c048460dff3ca1a4c2aa44488822028932daff99b8707c8e4f87d2535dae319d65691c905096f2c06a2517793472634efb01f8a095661b9aa93
  languageName: node
  linkType: hard

"source-map@npm:^0.6.0":
  version: 0.6.1
  resolution: "source-map@npm:0.6.1"
  checksum: 10c0/ab55398007c5e5532957cb0beee2368529618ac0ab372d789806f5718123cc4367d57de3904b4e6a4170eb5a0b0f41373066d02ca0735a0c4d75c7d328d3e011
  languageName: node
  linkType: hard

"tiny-warning@npm:^1.0.2":
  version: 1.0.3
  resolution: "tiny-warning@npm:1.0.3"
  checksum: 10c0/ef8531f581b30342f29670cb41ca248001c6fd7975ce22122bd59b8d62b4fc84ad4207ee7faa95cde982fa3357cd8f4be650142abc22805538c3b1392d7084fa
  languageName: node
  linkType: hard

"tslib@npm:^1.10.0":
  version: 1.14.1
  resolution: "tslib@npm:1.14.1"
  checksum: 10c0/69ae09c49eea644bc5ebe1bca4fa4cc2c82b7b3e02f43b84bd891504edf66dbc6b2ec0eef31a957042de2269139e4acff911e6d186a258fb14069cd7f6febce2
  languageName: node
  linkType: hard

"tslib@npm:^2.1.0":
  version: 2.3.1
  resolution: "tslib@npm:2.3.1"
  checksum: 10c0/4efd888895bdb3b987086b2b7793ad1013566f882b0eb7a328384e5ecc0d71cafb16bbeab3196200cbf7f01a73ccc25acc2f131d4ea6ee959be7436a8a306482
  languageName: node
  linkType: hard
